PODS:
  - AppAuth (1.3.1):
    - AppAuth/Core (= 1.3.1)
    - AppAuth/ExternalUserAgent (= 1.3.1)
  - AppAuth/Core (1.3.1)
  - AppAuth/ExternalUserAgent (1.3.1)
  - connectivity_plus (0.0.1):
    - Flutter
    - Reachability
  - device_info (0.0.1):
    - Flutter
  - disk_space (0.0.1):
    - Flutter
  - Firebase/Analytics (7.3.0):
    - Firebase/Core
  - Firebase/Core (7.3.0):
    - Firebase/CoreOnly
    - FirebaseAnalytics (= 7.3.0)
  - Firebase/CoreOnly (7.3.0):
    - FirebaseCore (= 7.3.0)
  - Firebase/Crashlytics (7.3.0):
    - Firebase/CoreOnly
    - FirebaseCrashlytics (~> 7.3.0)
  - Firebase/RemoteConfig (7.3.0):
    - Firebase/CoreOnly
    - FirebaseRemoteConfig (~> 7.3.0)
  - firebase_analytics (7.0.1):
    - Firebase/Analytics (= 7.3.0)
    - firebase_core
    - Flutter
  - firebase_core (0.7.0):
    - Firebase/CoreOnly (= 7.3.0)
    - Flutter
  - firebase_crashlytics (0.4.0-1):
    - Firebase/Crashlytics (= 7.3.0)
    - firebase_core
  - firebase_remote_config (0.6.0):
    - Firebase/RemoteConfig (= 7.3.0)
    - firebase_core
    - Flutter
  - FirebaseABTesting (7.11.0):
    - FirebaseCore (~> 7.0)
  - FirebaseAnalytics (7.3.0):
    - FirebaseCore (~> 7.0)
    - FirebaseInstallations (~> 7.0)
    - GoogleAppMeasurement (= 7.3.0)
    - GoogleUtilities/AppDelegateSwizzler (~> 7.0)
    - GoogleUtilities/MethodSwizzler (~> 7.0)
    - GoogleUtilities/Network (~> 7.0)
    - "GoogleUtilities/NSData+zlib (~> 7.0)"
    - nanopb (~> 2.30906.0)
  - FirebaseCore (7.3.0):
    - FirebaseCoreDiagnostics (~> 7.0)
    - GoogleUtilities/Environment (~> 7.0)
    - GoogleUtilities/Logger (~> 7.0)
  - FirebaseCoreDiagnostics (7.3.0):
    - GoogleDataTransport (~> 8.0)
    - GoogleUtilities/Environment (~> 7.0)
    - GoogleUtilities/Logger (~> 7.0)
    - nanopb (~> 2.30906.0)
  - FirebaseCrashlytics (7.3.0):
    - FirebaseCore (~> 7.0)
    - FirebaseInstallations (~> 7.0)
    - GoogleDataTransport (~> 8.0)
    - nanopb (~> 2.30906.0)
    - PromisesObjC (~> 1.2)
  - FirebaseInstallations (7.11.0):
    - FirebaseCore (~> 7.0)
    - GoogleUtilities/Environment (~> 7.0)
    - GoogleUtilities/UserDefaults (~> 7.0)
    - PromisesObjC (~> 1.2)
  - FirebaseRemoteConfig (7.3.0):
    - FirebaseABTesting (~> 7.0)
    - FirebaseCore (~> 7.0)
    - FirebaseInstallations (~> 7.0)
    - GoogleUtilities/Environment (~> 7.0)
    - "GoogleUtilities/NSData+zlib (~> 7.0)"
  - Flutter (1.0.0)
  - flutter_appauth (0.0.1):
    - AppAuth (= 1.3.1)
    - Flutter
  - flutter_audio_manager (0.0.1):
    - Flutter
  - flutter_email_sender (0.0.1):
    - Flutter
  - flutter_fgbg (0.0.1):
    - Flutter
  - flutter_logs (0.0.1):
    - Flutter
    - ZIPFoundation
  - flutter_volume_slider (1.0.0):
    - Flutter
  - flutter_webrtc (0.2.2):
    - Flutter
    - GoogleWebRTC (= 1.1.31999)
    - Libyuv (= 1703)
  - fluttertoast (0.0.2):
    - Flutter
    - Toast
  - FMDB (2.7.5):
    - FMDB/standard (= 2.7.5)
  - FMDB/standard (2.7.5)
  - GoogleAppMeasurement (7.3.0):
    - GoogleUtilities/AppDelegateSwizzler (~> 7.0)
    - GoogleUtilities/MethodSwizzler (~> 7.0)
    - GoogleUtilities/Network (~> 7.0)
    - "GoogleUtilities/NSData+zlib (~> 7.0)"
    - nanopb (~> 2.30906.0)
  - GoogleDataTransport (8.1.0):
    - nanopb (~> 2.30906.0)
  - GoogleUtilities/AppDelegateSwizzler (7.4.3):
    - GoogleUtilities/Environment
    - GoogleUtilities/Logger
    - GoogleUtilities/Network
  - GoogleUtilities/Environment (7.4.3):
    - PromisesObjC (~> 1.2)
  - GoogleUtilities/Logger (7.4.3):
    - GoogleUtilities/Environment
  - GoogleUtilities/MethodSwizzler (7.4.3):
    - GoogleUtilities/Logger
  - GoogleUtilities/Network (7.4.3):
    - GoogleUtilities/Logger
    - "GoogleUtilities/NSData+zlib"
    - GoogleUtilities/Reachability
  - "GoogleUtilities/NSData+zlib (7.4.3)"
  - GoogleUtilities/Reachability (7.4.3):
    - GoogleUtilities/Logger
  - GoogleUtilities/UserDefaults (7.4.3):
    - GoogleUtilities/Logger
  - GoogleWebRTC (1.1.31999)
  - janus_client (0.0.1):
    - Flutter
  - Libyuv (1703)
  - logcat (0.0.1):
    - Flutter
  - nanopb (2.30906.0):
    - nanopb/decode (= 2.30906.0)
    - nanopb/encode (= 2.30906.0)
  - nanopb/decode (2.30906.0)
  - nanopb/encode (2.30906.0)
  - package_info (0.0.1):
    - Flutter
  - path_provider (0.0.1):
    - Flutter
  - phone_state_i (0.0.1):
    - Flutter
  - PromisesObjC (1.2.12)
  - Reachability (3.2)
  - searchable_dropdown (1.1.1):
    - Flutter
  - Sentry (6.1.4):
    - Sentry/Core (= 6.1.4)
  - Sentry/Core (6.1.4)
  - sentry_flutter (0.0.1):
    - Flutter
    - Sentry (~> 6.1.4)
  - shared_preferences (0.0.1):
    - Flutter
  - sqflite (0.0.1):
    - Flutter
    - FMDB (~> 2.7.2)
  - Toast (4.0.0)
  - url_launcher (0.0.1):
    - Flutter
  - wakelock (0.0.1):
    - Flutter
  - ZIPFoundation (0.9.11)

DEPENDENCIES:
  - connectivity_plus (from `.symlinks/plugins/connectivity_plus/ios`)
  - device_info (from `.symlinks/plugins/device_info/ios`)
  - disk_space (from `.symlinks/plugins/disk_space/ios`)
  - firebase_analytics (from `.symlinks/plugins/firebase_analytics/ios`)
  - firebase_core (from `.symlinks/plugins/firebase_core/ios`)
  - firebase_crashlytics (from `.symlinks/plugins/firebase_crashlytics/ios`)
  - firebase_remote_config (from `.symlinks/plugins/firebase_remote_config/ios`)
  - Flutter (from `Flutter`)
  - flutter_appauth (from `.symlinks/plugins/flutter_appauth/ios`)
  - flutter_audio_manager (from `.symlinks/plugins/flutter_audio_manager/ios`)
  - flutter_email_sender (from `.symlinks/plugins/flutter_email_sender/ios`)
  - flutter_fgbg (from `.symlinks/plugins/flutter_fgbg/ios`)
  - flutter_logs (from `.symlinks/plugins/flutter_logs/ios`)
  - flutter_volume_slider (from `.symlinks/plugins/flutter_volume_slider/ios`)
  - flutter_webrtc (from `.symlinks/plugins/flutter_webrtc/ios`)
  - fluttertoast (from `.symlinks/plugins/fluttertoast/ios`)
  - janus_client (from `.symlinks/plugins/janus_client/ios`)
  - logcat (from `.symlinks/plugins/logcat/ios`)
  - package_info (from `.symlinks/plugins/package_info/ios`)
  - path_provider (from `.symlinks/plugins/path_provider/ios`)
  - phone_state_i (from `.symlinks/plugins/phone_state_i/ios`)
  - searchable_dropdown (from `.symlinks/plugins/searchable_dropdown/ios`)
  - sentry_flutter (from `.symlinks/plugins/sentry_flutter/ios`)
  - shared_preferences (from `.symlinks/plugins/shared_preferences/ios`)
  - sqflite (from `.symlinks/plugins/sqflite/ios`)
  - url_launcher (from `.symlinks/plugins/url_launcher/ios`)
  - wakelock (from `.symlinks/plugins/wakelock/ios`)

SPEC REPOS:
  trunk:
    - AppAuth
    - Firebase
    - FirebaseABTesting
    - FirebaseAnalytics
    - FirebaseCore
    - FirebaseCoreDiagnostics
    - FirebaseCrashlytics
    - FirebaseInstallations
    - FirebaseRemoteConfig
    - FMDB
    - GoogleAppMeasurement
    - GoogleDataTransport
    - GoogleUtilities
    - GoogleWebRTC
    - Libyuv
    - nanopb
    - PromisesObjC
    - Reachability
    - Sentry
    - Toast
    - ZIPFoundation

EXTERNAL SOURCES:
  connectivity_plus:
    :path: ".symlinks/plugins/connectivity_plus/ios"
  device_info:
    :path: ".symlinks/plugins/device_info/ios"
  disk_space:
    :path: ".symlinks/plugins/disk_space/ios"
  firebase_analytics:
    :path: ".symlinks/plugins/firebase_analytics/ios"
  firebase_core:
    :path: ".symlinks/plugins/firebase_core/ios"
  firebase_crashlytics:
    :path: ".symlinks/plugins/firebase_crashlytics/ios"
  firebase_remote_config:
    :path: ".symlinks/plugins/firebase_remote_config/ios"
  Flutter:
    :path: Flutter
  flutter_appauth:
    :path: ".symlinks/plugins/flutter_appauth/ios"
  flutter_audio_manager:
    :path: ".symlinks/plugins/flutter_audio_manager/ios"
  flutter_email_sender:
    :path: ".symlinks/plugins/flutter_email_sender/ios"
  flutter_fgbg:
    :path: ".symlinks/plugins/flutter_fgbg/ios"
  flutter_logs:
    :path: ".symlinks/plugins/flutter_logs/ios"
  flutter_volume_slider:
    :path: ".symlinks/plugins/flutter_volume_slider/ios"
  flutter_webrtc:
    :path: ".symlinks/plugins/flutter_webrtc/ios"
  fluttertoast:
    :path: ".symlinks/plugins/fluttertoast/ios"
  janus_client:
    :path: ".symlinks/plugins/janus_client/ios"
  logcat:
    :path: ".symlinks/plugins/logcat/ios"
  package_info:
    :path: ".symlinks/plugins/package_info/ios"
  path_provider:
    :path: ".symlinks/plugins/path_provider/ios"
  phone_state_i:
    :path: ".symlinks/plugins/phone_state_i/ios"
  searchable_dropdown:
    :path: ".symlinks/plugins/searchable_dropdown/ios"
  sentry_flutter:
    :path: ".symlinks/plugins/sentry_flutter/ios"
  shared_preferences:
    :path: ".symlinks/plugins/shared_preferences/ios"
  sqflite:
    :path: ".symlinks/plugins/sqflite/ios"
  url_launcher:
    :path: ".symlinks/plugins/url_launcher/ios"
  wakelock:
    :path: ".symlinks/plugins/wakelock/ios"

SPEC CHECKSUMS:
  AppAuth: 8803ba1aec6d00d9afd30093f82e600307eaa6ea
  connectivity_plus: f5e5e0b894ec1187bfab9816d6c2f034da8d46da
  device_info: d7d233b645a32c40dfdc212de5cf646ca482f175
  disk_space: e94d34bbdf77954adfb39e60bde9cc5c7233eda6
  Firebase: 26223c695fe322633274198cb19dca8cb7e54416
  firebase_analytics: 41043f6e14fc9bc27c3f05217ab7f2b0ad9b41eb
  firebase_core: 91b27774a52f41f8b58484a75edf71197ac01c59
  firebase_crashlytics: e6ecb908f6249ce3757d18a812819a41495bf1cb
  firebase_remote_config: 1c56b7b8caa840aa2e9432e66bf606d10f492fc9
  FirebaseABTesting: e66f1f80747792630d9b292966de206d5df9853b
  FirebaseAnalytics: 2580c2d62535ae7b644143d48941fcc239ea897a
  FirebaseCore: 4d3c72622ce0e2106aaa07bb4b2935ba2c370972
  FirebaseCoreDiagnostics: d50e11039e5984d92c8a512be2395f13df747350
  FirebaseCrashlytics: d31325312c92e2cb2f0386d589b9aa44e303d99b
  FirebaseInstallations: a58d4f72ec5861840b84df489f2668d970df558a
  FirebaseRemoteConfig: 826fad8bec5ce1912ef97a124d6ec0ce4dcf6ec1
  Flutter: 0e3d915762c693b495b44d77113d4970485de6ec
  flutter_appauth: a6bf9fa3192a14a981475c4cbe3bcebd3b563144
  flutter_audio_manager: 5945fdba99ff5e6c54d7e9b78d35b3a3bd574a9b
  flutter_email_sender: 02d7443217d8c41483223627972bfdc09f74276b
  flutter_fgbg: 31c0d1140a131daea2d342121808f6aa0dcd879d
  flutter_logs: 5d0dca26963e0f30b11a995a764744ef77d5d428
  flutter_volume_slider: 626493356983f02af6b984b596b071c90171002d
  flutter_webrtc: 39898454258b54ba51996850d5da8d5d53bf1524
  fluttertoast: 6122fa75143e992b1d3470f61000f591a798cc58
  FMDB: 2ce00b547f966261cd18927a3ddb07cb6f3db82a
  GoogleAppMeasurement: 8d3c0aeede16ab7764144b5a4ca8e1d4323841b7
  GoogleDataTransport: 116c84c4bdeb76be2a7a46de51244368f9794eab
  GoogleUtilities: 45dbb24a7f351d69d0a601482b39ad6c32e30dab
  GoogleWebRTC: b39a78c4f5cc6b0323415b9233db03a2faa7b0f0
  janus_client: d77ae8ecd25551407740931f9506f1a64ba067a3
  Libyuv: 5f79ced0ee66e60a612ca97de1e6ccacd187a437
  logcat: 0221d9de6a7f3f636a02f7a3fb4071c8ae52bafb
  nanopb: 1bf24dd71191072e120b83dd02d08f3da0d65e53
  package_info: 873975fc26034f0b863a300ad47e7f1ac6c7ec62
  path_provider: abfe2b5c733d04e238b0d8691db0cfd63a27a93c
  phone_state_i: ce1e01bad2a0f9771c9919d1021b4f51a129a402
  PromisesObjC: 3113f7f76903778cf4a0586bd1ab89329a0b7b97
  Reachability: 33e18b67625424e47b6cde6d202dce689ad7af96
  searchable_dropdown: 5058be32fdc5e0481d300ff2087129072e71bd62
  Sentry: 9d055e2de30a77685e86b219acf02e59b82091fc
  sentry_flutter: 8b2b2e1c0101ef562106b5d272d3c0c741512c01
  shared_preferences: af6bfa751691cdc24be3045c43ec037377ada40d
  sqflite: 4001a31ff81d210346b500c55b17f4d6c7589dd0
  Toast: 91b396c56ee72a5790816f40d3a94dd357abc196
  url_launcher: 6fef411d543ceb26efce54b05a0a40bfd74cbbef
  wakelock: bfc7955c418d0db797614075aabbc58a39ab5107
  ZIPFoundation: b1f0de4eed33e74a676f76e12559ab6b75990197

PODFILE CHECKSUM: fe0e1ee7f3d1f7d00b11b474b62dd62134535aea

COCOAPODS: 1.11.2
